
Microsoft Visual Studio Solution File, Format Version 12.00
# Visual Studio Version 17
VisualStudioVersion = 17.10.35027.167
MinimumVisualStudioVersion = 10.0.40219.1
Project("{54A90642-561A-4BB1-A94E-469ADEE60C69}") = "Shop", "Shop.esproj", "{475CF20C-C912-4491-BEAD-6BF0A6FC596E}"
EndProject
Global
	GlobalSection(SolutionConfigurationPlatforms) = preSolution
		Debug|Any CPU = Debug|Any CPU
		Release|Any CPU = Release|Any CPU
	EndGlobalSection
	GlobalSection(ProjectConfigurationPlatforms) = postSolution
		{475CF20C-C912-4491-BEAD-6BF0A6FC596E}.Debug|Any CPU.ActiveCfg = Debug|Any CPU
		{475CF20C-C912-4491-BEAD-6BF0A6FC596E}.Debug|Any CPU.Build.0 = Debug|Any CPU
		{475CF20C-C912-4491-BEAD-6BF0A6FC596E}.Debug|Any CPU.Deploy.0 = Debug|Any CPU
		{475CF20C-C912-4491-BEAD-6BF0A6FC596E}.Release|Any CPU.ActiveCfg = Release|Any CPU
		{475CF20C-C912-4491-BEAD-6BF0A6FC596E}.Release|Any CPU.Build.0 = Release|Any CPU
		{475CF20C-C912-4491-BEAD-6BF0A6FC596E}.Release|Any CPU.Deploy.0 = Release|Any CPU
	EndGlobalSection
	GlobalSection(SolutionProperties) = preSolution
		HideSolutionNode = FALSE
	EndGlobalSection
	GlobalSection(ExtensibilityGlobals) = postSolution
		SolutionGuid = {A7DCB1D2-4C3E-4011-ABB5-94FF0654421A}
	EndGlobalSection
EndGlobal
